
Microsoft Visual Studio Solution File, Format Version 12.00
# Visual Studio Version 17
VisualStudioVersion = 17.9.34902.65
MinimumVisualStudioVersion = 10.0.40219.1
Project("{9A19103F-16F7-4668-BE54-9A1E7A4F7556}") = "Activities", "Activities\Activities.csproj", "{84A6F69E-6763-4AD3-919F-B251E49C9387}"
EndProject
Project("{FAE04EC0-301F-11D3-BF4B-00C04F79EFBC}") = "MatrixScreensaver", "MatrixScreensaver\MatrixScreensaver.csproj", "{4CBF60E8-A561-4A84-981B-4FFB1AA049BF}"
EndProject
Global
	GlobalSection(SolutionConfigurationPlatforms) = preSolution
		Debug|Any CPU = Debug|Any CPU
		Release|Any CPU = Release|Any CPU
	EndGlobalSection
	GlobalSection(ProjectConfigurationPlatforms) = postSolution
		{84A6F69E-6763-4AD3-919F-B251E49C9387}.Debug|Any CPU.ActiveCfg = Debug|Any CPU
		{84A6F69E-6763-4AD3-919F-B251E49C9387}.Debug|Any CPU.Build.0 = Debug|Any CPU
		{84A6F69E-6763-4AD3-919F-B251E49C9387}.Release|Any CPU.ActiveCfg = Release|Any CPU
		{84A6F69E-6763-4AD3-919F-B251E49C9387}.Release|Any CPU.Build.0 = Release|Any CPU
		{4CBF60E8-A561-4A84-981B-4FFB1AA049BF}.Debug|Any CPU.ActiveCfg = Debug|Any CPU
		{4CBF60E8-A561-4A84-981B-4FFB1AA049BF}.Debug|Any CPU.Build.0 = Debug|Any CPU
		{4CBF60E8-A561-4A84-981B-4FFB1AA049BF}.Release|Any CPU.ActiveCfg = Release|Any CPU
		{4CBF60E8-A561-4A84-981B-4FFB1AA049BF}.Release|Any CPU.Build.0 = Release|Any CPU
	EndGlobalSection
	GlobalSection(SolutionProperties) = preSolution
		HideSolutionNode = FALSE
	EndGlobalSection
	GlobalSection(ExtensibilityGlobals) = postSolution
		SolutionGuid = {6E83E23A-676F-4CC9-B3C2-74FE0D363F9C}
	EndGlobalSection
EndGlobal
